
Microsoft Visual Studio Solution File, Format Version 12.00
# Visual Studio Version 17
VisualStudioVersion = 17.6.33829.357
MinimumVisualStudioVersion = 10.0.40219.1
Project("{FAE04EC0-301F-11D3-BF4B-00C04F79EFBC}") = "FifApi", "FifApi\FifApi.csproj", "{90972117-54A0-4005-B259-B50D75F972EC}"
EndProject
Global
	GlobalSection(SolutionConfigurationPlatforms) = preSolution
		Debug|Any CPU = Debug|Any CPU
		Release|Any CPU = Release|Any CPU
	EndGlobalSection
	GlobalSection(ProjectConfigurationPlatforms) = postSolution
		{90972117-54A0-4005-B259-B50D75F972EC}.Debug|Any CPU.ActiveCfg = Debug|Any CPU
		{90972117-54A0-4005-B259-B50D75F972EC}.Debug|Any CPU.Build.0 = Debug|Any CPU
		{90972117-54A0-4005-B259-B50D75F972EC}.Release|Any CPU.ActiveCfg = Release|Any CPU
		{90972117-54A0-4005-B259-B50D75F972EC}.Release|Any CPU.Build.0 = Release|Any CPU
	EndGlobalSection
	GlobalSection(SolutionProperties) = preSolution
		HideSolutionNode = FALSE
	EndGlobalSection
	GlobalSection(ExtensibilityGlobals) = postSolution
		SolutionGuid = {B55A999B-CD28-4B0E-B528-64070D845BAC}
	EndGlobalSection
EndGlobal
